
Microsoft Visual Studio Solution File, Format Version 11.00
# Visual Studio 2010
Project("{FAE04EC0-301F-11D3-BF4B-00C04F79EFBC}") = "nejdb", "nejdb.csproj", "{A24C964C-771F-4359-8C93-4BFCBE451D8B}"
EndProject
Project("{2150E333-8FDC-42A3-9474-1A3956D46DE8}") = "Solution Items", "Solution Items", "{CD348FF1-5470-450A-A708-2EFF6259355D}"
	ProjectSection(SolutionItems) = preProject
		README.md = README.md
	EndProjectSection
EndProject
Global
	GlobalSection(SolutionConfigurationPlatforms) = preSolution
		Debug|Any CPU = Debug|Any CPU
		Release|Any CPU = Release|Any CPU
	EndGlobalSection
	GlobalSection(ProjectConfigurationPlatforms) = postSolution
		{A24C964C-771F-4359-8C93-4BFCBE451D8B}.Debug|Any CPU.ActiveCfg = Debug|Any CPU
		{A24C964C-771F-4359-8C93-4BFCBE451D8B}.Debug|Any CPU.Build.0 = Debug|Any CPU
		{A24C964C-771F-4359-8C93-4BFCBE451D8B}.Release|Any CPU.ActiveCfg = Release|Any CPU
		{A24C964C-771F-4359-8C93-4BFCBE451D8B}.Release|Any CPU.Build.0 = Release|Any CPU
	EndGlobalSection
	GlobalSection(NestedProjects) = preSolution
	EndGlobalSection
	GlobalSection(MonoDevelopProperties) = preSolution
		StartupItem = nejdb.csproj
		Policies = $0
		$0.StandardHeader = $1
		$1.Text = @============================================================================================\n  .NET API for EJDB database library http://ejdb.org\n  Copyright (C) 2012-2013 Softmotions Ltd <info@softmotions.com>\n\n  This file is part of EJDB.\n  EJDB is free software; you can redistribute it and/or modify it under the terms of\n  the GNU Lesser General Public License as published by the Free Software Foundation; either\n  version 2.1 of the License or any later version.  EJDB is distributed in the hope\n  that it will be useful, but WITHOUT ANY WARRANTY; without even the implied warranty of\n  MERCHANTABILITY or FITNESS FOR A PARTICULAR PURPOSE.  See the GNU Lesser General Public\n  License for more details.\n  You should have received a copy of the GNU Lesser General Public License along with EJDB;\n  if not, write to the Free Software Foundation, Inc., 59 Temple Place, Suite 330,\n  Boston, MA 02111-1307 USA.\n============================================================================================
		$1.IncludeInNewFiles = True
		$0.DotNetNamingPolicy = $2
		$2.DirectoryNamespaceAssociation = Flat
		$2.ResourceNamePolicy = FileFormatDefault
	EndGlobalSection
EndGlobal
