
Microsoft Visual Studio Solution File, Format Version 11.00
# Visual C++ Express 2010
Project("{8BC9CEB8-8B4A-11D0-8D11-00A0C91BC942}") = "ejdb_dynamic", "ejdb_dynamic\ejdb_dynamic.vcxproj", "{55518D0E-F531-4992-BE50-283DB1998818}"
EndProject
Project("{8BC9CEB8-8B4A-11D0-8D11-00A0C91BC942}") = "ejdb_static", "ejdb_static\ejdb_static.vcxproj", "{80B14828-E5DB-407E-9E70-95068C5E2627}"
EndProject
Global
	GlobalSection(SolutionConfigurationPlatforms) = preSolution
		Debug|Win32 = Debug|Win32
		Release|Win32 = Release|Win32
		Release2|Win32 = Release2|Win32
	EndGlobalSection
	GlobalSection(ProjectConfigurationPlatforms) = postSolution
		{55518D0E-F531-4992-BE50-283DB1998818}.Debug|Win32.ActiveCfg = Debug|Win32
		{55518D0E-F531-4992-BE50-283DB1998818}.Debug|Win32.Build.0 = Debug|Win32
		{55518D0E-F531-4992-BE50-283DB1998818}.Release|Win32.ActiveCfg = Release|Win32
		{55518D0E-F531-4992-BE50-283DB1998818}.Release|Win32.Build.0 = Release|Win32
		{55518D0E-F531-4992-BE50-283DB1998818}.Release2|Win32.ActiveCfg = Release|Win32
		{55518D0E-F531-4992-BE50-283DB1998818}.Release2|Win32.Build.0 = Release|Win32
		{80B14828-E5DB-407E-9E70-95068C5E2627}.Debug|Win32.ActiveCfg = Debug|Win32
		{80B14828-E5DB-407E-9E70-95068C5E2627}.Debug|Win32.Build.0 = Debug|Win32
		{80B14828-E5DB-407E-9E70-95068C5E2627}.Release|Win32.ActiveCfg = Release|Win32
		{80B14828-E5DB-407E-9E70-95068C5E2627}.Release|Win32.Build.0 = Release|Win32
		{80B14828-E5DB-407E-9E70-95068C5E2627}.Release2|Win32.ActiveCfg = Release|Win32
		{80B14828-E5DB-407E-9E70-95068C5E2627}.Release2|Win32.Build.0 = Release|Win32
	EndGlobalSection
	GlobalSection(SolutionProperties) = preSolution
		HideSolutionNode = FALSE
	EndGlobalSection
EndGlobal
